
Microsoft Visual Studio Solution File, Format Version 12.00
# Visual Studio Version 16
VisualStudioVersion = 16.0.32106.194
MinimumVisualStudioVersion = 10.0.40219.1
Project("{FAE04EC0-301F-11D3-BF4B-00C04F79EFBC}") = "eTicket for movies", "eTicket for movies\eTicket for movies.csproj", "{E64A8246-6C43-4506-811F-E6E9886A0699}"
EndProject
Global
	GlobalSection(SolutionConfigurationPlatforms) = preSolution
		Debug|Any CPU = Debug|Any CPU
		Release|Any CPU = Release|Any CPU
	EndGlobalSection
	GlobalSection(ProjectConfigurationPlatforms) = postSolution
		{E64A8246-6C43-4506-811F-E6E9886A0699}.Debug|Any CPU.ActiveCfg = Debug|Any CPU
		{E64A8246-6C43-4506-811F-E6E9886A0699}.Debug|Any CPU.Build.0 = Debug|Any CPU
		{E64A8246-6C43-4506-811F-E6E9886A0699}.Release|Any CPU.ActiveCfg = Release|Any CPU
		{E64A8246-6C43-4506-811F-E6E9886A0699}.Release|Any CPU.Build.0 = Release|Any CPU
	EndGlobalSection
	GlobalSection(SolutionProperties) = preSolution
		HideSolutionNode = FALSE
	EndGlobalSection
	GlobalSection(ExtensibilityGlobals) = postSolution
		SolutionGuid = {D1F86F84-038F-4AB5-A64A-DB81ED166971}
	EndGlobalSection
EndGlobal
